
Microsoft Visual Studio Solution File, Format Version 12.00
# Visual Studio Version 16
VisualStudioVersion = 16.0.31410.357
MinimumVisualStudioVersion = 10.0.40219.1
Project("{FAE04EC0-301F-11D3-BF4B-00C04F79EFBC}") = "Chess", "Chess.csproj", "{556AD81B-E400-4DE8-820B-64D9020B5543}"
EndProject
Global
	GlobalSection(SolutionConfigurationPlatforms) = preSolution
		Debug|Any CPU = Debug|Any CPU
		Release|Any CPU = Release|Any CPU
	EndGlobalSection
	GlobalSection(ProjectConfigurationPlatforms) = postSolution
		{556AD81B-E400-4DE8-820B-64D9020B5543}.Debug|Any CPU.ActiveCfg = Debug|Any CPU
		{556AD81B-E400-4DE8-820B-64D9020B5543}.Debug|Any CPU.Build.0 = Debug|Any CPU
		{556AD81B-E400-4DE8-820B-64D9020B5543}.Release|Any CPU.ActiveCfg = Release|Any CPU
		{556AD81B-E400-4DE8-820B-64D9020B5543}.Release|Any CPU.Build.0 = Release|Any CPU
	EndGlobalSection
	GlobalSection(SolutionProperties) = preSolution
		HideSolutionNode = FALSE
	EndGlobalSection
	GlobalSection(ExtensibilityGlobals) = postSolution
		SolutionGuid = {128D56B6-F973-4912-B645-A7603378FC0B}
	EndGlobalSection
EndGlobal
